
Microsoft Visual Studio Solution File, Format Version 12.00
# Visual Studio 2012
VisualStudioVersion = 12.0.40629.0
MinimumVisualStudioVersion = 10.0.40219.1
Project("{FAE04EC0-301F-11D3-BF4B-00C04F79EFBC}") = "GuiaCamping", "MLearning.Droid\GuiaCamping.csproj", "{328AE02E-C12E-4720-BDB6-37891AAB4CE8}"
EndProject
Project("{FAE04EC0-301F-11D3-BF4B-00C04F79EFBC}") = "MLearning.Core", "MLearning.Core\MLearning.Core.csproj", "{5A3B79A2-507C-489B-9DEB-4710A75677F3}"
EndProject
Global
	GlobalSection(SolutionConfigurationPlatforms) = preSolution
		Ad-Hoc|Any CPU = Ad-Hoc|Any CPU
		Ad-Hoc|ARM = Ad-Hoc|ARM
		Ad-Hoc|iPhone = Ad-Hoc|iPhone
		Ad-Hoc|iPhoneSimulator = Ad-Hoc|iPhoneSimulator
		Ad-Hoc|Mixed Platforms = Ad-Hoc|Mixed Platforms
		Ad-Hoc|x64 = Ad-Hoc|x64
		Ad-Hoc|x86 = Ad-Hoc|x86
		AppStore|Any CPU = AppStore|Any CPU
		AppStore|ARM = AppStore|ARM
		AppStore|iPhone = AppStore|iPhone
		AppStore|iPhoneSimulator = AppStore|iPhoneSimulator
		AppStore|Mixed Platforms = AppStore|Mixed Platforms
		AppStore|x64 = AppStore|x64
		AppStore|x86 = AppStore|x86
		Debug|Any CPU = Debug|Any CPU
		Debug|ARM = Debug|ARM
		Debug|iPhone = Debug|iPhone
		Debug|iPhoneSimulator = Debug|iPhoneSimulator
		Debug|Mixed Platforms = Debug|Mixed Platforms
		Debug|x64 = Debug|x64
		Debug|x86 = Debug|x86
		Release|Any CPU = Release|Any CPU
		Release|ARM = Release|ARM
		Release|iPhone = Release|iPhone
		Release|iPhoneSimulator = Release|iPhoneSimulator
		Release|Mixed Platforms = Release|Mixed Platforms
		Release|x64 = Release|x64
		Release|x86 = Release|x86
	EndGlobalSection
	GlobalSection(ProjectConfigurationPlatforms) = postSolution
		{328AE02E-C12E-4720-BDB6-37891AAB4CE8}.Ad-Hoc|Any CPU.ActiveCfg = Release|Any CPU
		{328AE02E-C12E-4720-BDB6-37891AAB4CE8}.Ad-Hoc|Any CPU.Build.0 = Release|Any CPU
		{328AE02E-C12E-4720-BDB6-37891AAB4CE8}.Ad-Hoc|Any CPU.Deploy.0 = Release|Any CPU
		{328AE02E-C12E-4720-BDB6-37891AAB4CE8}.Ad-Hoc|ARM.ActiveCfg = Release|Any CPU
		{328AE02E-C12E-4720-BDB6-37891AAB4CE8}.Ad-Hoc|iPhone.ActiveCfg = Release|Any CPU
		{328AE02E-C12E-4720-BDB6-37891AAB4CE8}.Ad-Hoc|iPhoneSimulator.ActiveCfg = Release|Any CPU
		{328AE02E-C12E-4720-BDB6-37891AAB4CE8}.Ad-Hoc|Mixed Platforms.ActiveCfg = Release|Any CPU
		{328AE02E-C12E-4720-BDB6-37891AAB4CE8}.Ad-Hoc|Mixed Platforms.Build.0 = Release|Any CPU
		{328AE02E-C12E-4720-BDB6-37891AAB4CE8}.Ad-Hoc|Mixed Platforms.Deploy.0 = Release|Any CPU
		{328AE02E-C12E-4720-BDB6-37891AAB4CE8}.Ad-Hoc|x64.ActiveCfg = Release|Any CPU
		{328AE02E-C12E-4720-BDB6-37891AAB4CE8}.Ad-Hoc|x86.ActiveCfg = Release|Any CPU
		{328AE02E-C12E-4720-BDB6-37891AAB4CE8}.AppStore|Any CPU.ActiveCfg = Release|Any CPU
		{328AE02E-C12E-4720-BDB6-37891AAB4CE8}.AppStore|Any CPU.Build.0 = Release|Any CPU
		{328AE02E-C12E-4720-BDB6-37891AAB4CE8}.AppStore|Any CPU.Deploy.0 = Release|Any CPU
		{328AE02E-C12E-4720-BDB6-37891AAB4CE8}.AppStore|ARM.ActiveCfg = Release|Any CPU
		{328AE02E-C12E-4720-BDB6-37891AAB4CE8}.AppStore|iPhone.ActiveCfg = Release|Any CPU
		{328AE02E-C12E-4720-BDB6-37891AAB4CE8}.AppStore|iPhoneSimulator.ActiveCfg = Release|Any CPU
		{328AE02E-C12E-4720-BDB6-37891AAB4CE8}.AppStore|Mixed Platforms.ActiveCfg = Release|Any CPU
		{328AE02E-C12E-4720-BDB6-37891AAB4CE8}.AppStore|Mixed Platforms.Build.0 = Release|Any CPU
		{328AE02E-C12E-4720-BDB6-37891AAB4CE8}.AppStore|Mixed Platforms.Deploy.0 = Release|Any CPU
		{328AE02E-C12E-4720-BDB6-37891AAB4CE8}.AppStore|x64.ActiveCfg = Release|Any CPU
		{328AE02E-C12E-4720-BDB6-37891AAB4CE8}.AppStore|x86.ActiveCfg = Release|Any CPU
		{328AE02E-C12E-4720-BDB6-37891AAB4CE8}.Debug|Any CPU.ActiveCfg = Debug|Any CPU
		{328AE02E-C12E-4720-BDB6-37891AAB4CE8}.Debug|Any CPU.Build.0 = Debug|Any CPU
		{328AE02E-C12E-4720-BDB6-37891AAB4CE8}.Debug|Any CPU.Deploy.0 = Debug|Any CPU
		{328AE02E-C12E-4720-BDB6-37891AAB4CE8}.Debug|ARM.ActiveCfg = Debug|Any CPU
		{328AE02E-C12E-4720-BDB6-37891AAB4CE8}.Debug|iPhone.ActiveCfg = Debug|Any CPU
		{328AE02E-C12E-4720-BDB6-37891AAB4CE8}.Debug|iPhoneSimulator.ActiveCfg = Debug|Any CPU
		{328AE02E-C12E-4720-BDB6-37891AAB4CE8}.Debug|Mixed Platforms.ActiveCfg = Debug|Any CPU
		{328AE02E-C12E-4720-BDB6-37891AAB4CE8}.Debug|Mixed Platforms.Build.0 = Debug|Any CPU
		{328AE02E-C12E-4720-BDB6-37891AAB4CE8}.Debug|Mixed Platforms.Deploy.0 = Debug|Any CPU
		{328AE02E-C12E-4720-BDB6-37891AAB4CE8}.Debug|x64.ActiveCfg = Debug|Any CPU
		{328AE02E-C12E-4720-BDB6-37891AAB4CE8}.Debug|x86.ActiveCfg = Debug|Any CPU
		{328AE02E-C12E-4720-BDB6-37891AAB4CE8}.Debug|x86.Build.0 = Debug|Any CPU
		{328AE02E-C12E-4720-BDB6-37891AAB4CE8}.Debug|x86.Deploy.0 = Debug|Any CPU
		{328AE02E-C12E-4720-BDB6-37891AAB4CE8}.Release|Any CPU.ActiveCfg = Release|Any CPU
		{328AE02E-C12E-4720-BDB6-37891AAB4CE8}.Release|Any CPU.Build.0 = Release|Any CPU
		{328AE02E-C12E-4720-BDB6-37891AAB4CE8}.Release|Any CPU.Deploy.0 = Release|Any CPU
		{328AE02E-C12E-4720-BDB6-37891AAB4CE8}.Release|ARM.ActiveCfg = Release|Any CPU
		{328AE02E-C12E-4720-BDB6-37891AAB4CE8}.Release|iPhone.ActiveCfg = Release|Any CPU
		{328AE02E-C12E-4720-BDB6-37891AAB4CE8}.Release|iPhoneSimulator.ActiveCfg = Release|Any CPU
		{328AE02E-C12E-4720-BDB6-37891AAB4CE8}.Release|Mixed Platforms.ActiveCfg = Release|Any CPU
		{328AE02E-C12E-4720-BDB6-37891AAB4CE8}.Release|Mixed Platforms.Build.0 = Release|Any CPU
		{328AE02E-C12E-4720-BDB6-37891AAB4CE8}.Release|Mixed Platforms.Deploy.0 = Release|Any CPU
		{328AE02E-C12E-4720-BDB6-37891AAB4CE8}.Release|x64.ActiveCfg = Release|Any CPU
		{328AE02E-C12E-4720-BDB6-37891AAB4CE8}.Release|x86.ActiveCfg = Release|Any CPU
		{5A3B79A2-507C-489B-9DEB-4710A75677F3}.Ad-Hoc|Any CPU.ActiveCfg = Release|Any CPU
		{5A3B79A2-507C-489B-9DEB-4710A75677F3}.Ad-Hoc|Any CPU.Build.0 = Release|Any CPU
		{5A3B79A2-507C-489B-9DEB-4710A75677F3}.Ad-Hoc|ARM.ActiveCfg = Release|Any CPU
		{5A3B79A2-507C-489B-9DEB-4710A75677F3}.Ad-Hoc|ARM.Build.0 = Release|Any CPU
		{5A3B79A2-507C-489B-9DEB-4710A75677F3}.Ad-Hoc|iPhone.ActiveCfg = Release|Any CPU
		{5A3B79A2-507C-489B-9DEB-4710A75677F3}.Ad-Hoc|iPhone.Build.0 = Release|Any CPU
		{5A3B79A2-507C-489B-9DEB-4710A75677F3}.Ad-Hoc|iPhoneSimulator.ActiveCfg = Release|Any CPU
		{5A3B79A2-507C-489B-9DEB-4710A75677F3}.Ad-Hoc|iPhoneSimulator.Build.0 = Release|Any CPU
		{5A3B79A2-507C-489B-9DEB-4710A75677F3}.Ad-Hoc|Mixed Platforms.ActiveCfg = Release|Any CPU
		{5A3B79A2-507C-489B-9DEB-4710A75677F3}.Ad-Hoc|Mixed Platforms.Build.0 = Release|Any CPU
		{5A3B79A2-507C-489B-9DEB-4710A75677F3}.Ad-Hoc|x64.ActiveCfg = Release|Any CPU
		{5A3B79A2-507C-489B-9DEB-4710A75677F3}.Ad-Hoc|x64.Build.0 = Release|Any CPU
		{5A3B79A2-507C-489B-9DEB-4710A75677F3}.Ad-Hoc|x86.ActiveCfg = Release|Any CPU
		{5A3B79A2-507C-489B-9DEB-4710A75677F3}.Ad-Hoc|x86.Build.0 = Release|Any CPU
		{5A3B79A2-507C-489B-9DEB-4710A75677F3}.AppStore|Any CPU.ActiveCfg = Release|Any CPU
		{5A3B79A2-507C-489B-9DEB-4710A75677F3}.AppStore|Any CPU.Build.0 = Release|Any CPU
		{5A3B79A2-507C-489B-9DEB-4710A75677F3}.AppStore|ARM.ActiveCfg = Release|Any CPU
		{5A3B79A2-507C-489B-9DEB-4710A75677F3}.AppStore|ARM.Build.0 = Release|Any CPU
		{5A3B79A2-507C-489B-9DEB-4710A75677F3}.AppStore|iPhone.ActiveCfg = Release|Any CPU
		{5A3B79A2-507C-489B-9DEB-4710A75677F3}.AppStore|iPhone.Build.0 = Release|Any CPU
		{5A3B79A2-507C-489B-9DEB-4710A75677F3}.AppStore|iPhoneSimulator.ActiveCfg = Release|Any CPU
		{5A3B79A2-507C-489B-9DEB-4710A75677F3}.AppStore|iPhoneSimulator.Build.0 = Release|Any CPU
		{5A3B79A2-507C-489B-9DEB-4710A75677F3}.AppStore|Mixed Platforms.ActiveCfg = Release|Any CPU
		{5A3B79A2-507C-489B-9DEB-4710A75677F3}.AppStore|Mixed Platforms.Build.0 = Release|Any CPU
		{5A3B79A2-507C-489B-9DEB-4710A75677F3}.AppStore|x64.ActiveCfg = Release|Any CPU
		{5A3B79A2-507C-489B-9DEB-4710A75677F3}.AppStore|x64.Build.0 = Release|Any CPU
		{5A3B79A2-507C-489B-9DEB-4710A75677F3}.AppStore|x86.ActiveCfg = Release|Any CPU
		{5A3B79A2-507C-489B-9DEB-4710A75677F3}.AppStore|x86.Build.0 = Release|Any CPU
		{5A3B79A2-507C-489B-9DEB-4710A75677F3}.Debug|Any CPU.ActiveCfg = Debug|Any CPU
		{5A3B79A2-507C-489B-9DEB-4710A75677F3}.Debug|Any CPU.Build.0 = Debug|Any CPU
		{5A3B79A2-507C-489B-9DEB-4710A75677F3}.Debug|ARM.ActiveCfg = Debug|Any CPU
		{5A3B79A2-507C-489B-9DEB-4710A75677F3}.Debug|ARM.Build.0 = Debug|Any CPU
		{5A3B79A2-507C-489B-9DEB-4710A75677F3}.Debug|iPhone.ActiveCfg = Debug|Any CPU
		{5A3B79A2-507C-489B-9DEB-4710A75677F3}.Debug|iPhone.Build.0 = Debug|Any CPU
		{5A3B79A2-507C-489B-9DEB-4710A75677F3}.Debug|iPhoneSimulator.ActiveCfg = Debug|Any CPU
		{5A3B79A2-507C-489B-9DEB-4710A75677F3}.Debug|iPhoneSimulator.Build.0 = Debug|Any CPU
		{5A3B79A2-507C-489B-9DEB-4710A75677F3}.Debug|Mixed Platforms.ActiveCfg = Debug|Any CPU
		{5A3B79A2-507C-489B-9DEB-4710A75677F3}.Debug|Mixed Platforms.Build.0 = Debug|Any CPU
		{5A3B79A2-507C-489B-9DEB-4710A75677F3}.Debug|x64.ActiveCfg = Debug|Any CPU
		{5A3B79A2-507C-489B-9DEB-4710A75677F3}.Debug|x64.Build.0 = Debug|Any CPU
		{5A3B79A2-507C-489B-9DEB-4710A75677F3}.Debug|x86.ActiveCfg = Debug|Any CPU
		{5A3B79A2-507C-489B-9DEB-4710A75677F3}.Debug|x86.Build.0 = Debug|Any CPU
		{5A3B79A2-507C-489B-9DEB-4710A75677F3}.Release|Any CPU.ActiveCfg = Release|Any CPU
		{5A3B79A2-507C-489B-9DEB-4710A75677F3}.Release|Any CPU.Build.0 = Release|Any CPU
		{5A3B79A2-507C-489B-9DEB-4710A75677F3}.Release|ARM.ActiveCfg = Release|Any CPU
		{5A3B79A2-507C-489B-9DEB-4710A75677F3}.Release|ARM.Build.0 = Release|Any CPU
		{5A3B79A2-507C-489B-9DEB-4710A75677F3}.Release|iPhone.ActiveCfg = Release|Any CPU
		{5A3B79A2-507C-489B-9DEB-4710A75677F3}.Release|iPhone.Build.0 = Release|Any CPU
		{5A3B79A2-507C-489B-9DEB-4710A75677F3}.Release|iPhoneSimulator.ActiveCfg = Release|Any CPU
		{5A3B79A2-507C-489B-9DEB-4710A75677F3}.Release|iPhoneSimulator.Build.0 = Release|Any CPU
		{5A3B79A2-507C-489B-9DEB-4710A75677F3}.Release|Mixed Platforms.ActiveCfg = Release|Any CPU
		{5A3B79A2-507C-489B-9DEB-4710A75677F3}.Release|Mixed Platforms.Build.0 = Release|Any CPU
		{5A3B79A2-507C-489B-9DEB-4710A75677F3}.Release|x64.ActiveCfg = Release|Any CPU
		{5A3B79A2-507C-489B-9DEB-4710A75677F3}.Release|x64.Build.0 = Release|Any CPU
		{5A3B79A2-507C-489B-9DEB-4710A75677F3}.Release|x86.ActiveCfg = Release|Any CPU
		{5A3B79A2-507C-489B-9DEB-4710A75677F3}.Release|x86.Build.0 = Release|Any CPU
	EndGlobalSection
	GlobalSection(SolutionProperties) = preSolution
		HideSolutionNode = FALSE
	EndGlobalSection
EndGlobal
