
Microsoft Visual Studio Solution File, Format Version 12.00
# Visual Studio 2012
VisualStudioVersion = 12.0.40629.0
MinimumVisualStudioVersion = 10.0.40219.1
Project("{FAE04EC0-301F-11D3-BF4B-00C04F79EFBC}") = "GuiaCamping", "MLearning.Droid\GuiaCamping.csproj", "{328AE02E-C12E-4720-BDB6-37891AAB4CE8}"
EndProject
Project("{FAE04EC0-301F-11D3-BF4B-00C04F79EFBC}") = "MLearning.Core", "MLearning.Core\MLearning.Core.csproj", "{5A3B79A2-507C-489B-9DEB-4710A75677F3}"
EndProject
Project("{D954291E-2A0B-460D-934E-DC6B0785DB48}") = "TaskySharedCode", "TaskySharedCode\TaskySharedCode.shproj", "{579BD547-2865-4254-B242-8EB4DDB25288}"
EndProject
Global
	GlobalSection(SolutionConfigurationPlatforms) = preSolution
		Ad-Hoc|Any CPU = Ad-Hoc|Any CPU
		Ad-Hoc|ARM = Ad-Hoc|ARM
		Ad-Hoc|iPhone = Ad-Hoc|iPhone
		Ad-Hoc|iPhoneSimulator = Ad-Hoc|iPhoneSimulator
		Ad-Hoc|Mixed Platforms = Ad-Hoc|Mixed Platforms
		Ad-Hoc|x64 = Ad-Hoc|x64
		Ad-Hoc|x86 = Ad-Hoc|x86
		AppStore|Any CPU = AppStore|Any CPU
		AppStore|ARM = AppStore|ARM
		AppStore|iPhone = AppStore|iPhone
		AppStore|iPhoneSimulator = AppStore|iPhoneSimulator
		AppStore|Mixed Platforms = AppStore|Mixed Platforms
		AppStore|x64 = AppStore|x64
		AppStore|x86 = AppStore|x86
		Debug|Any CPU = Debug|Any CPU
		Debug|ARM = Debug|ARM
		Debug|iPhone = Debug|iPhone
		Debug|iPhoneSimulator = Debug|iPhoneSimulator
		Debug|Mixed Platforms = Debug|Mixed Platforms
		Debug|x64 = Debug|x64
		Debug|x86 = Debug|x86
		Release|Any CPU = Release|Any CPU
		Release|ARM = Release|ARM
		Release|iPhone = Release|iPhone
		Release|iPhoneSimulator = Release|iPhoneSimulator
		Release|Mixed Platforms = Release|Mixed Platforms
		Release|x64 = Release|x64
		Release|x86 = Release|x86
	EndGlobalSection
	GlobalSection(ProjectConfigurationPlatforms) = postSolution
		{328AE02E-C12E-4720-BDB6-37891AAB4CE8}.Ad-Hoc|Any CPU.ActiveCfg = Release|Any CPU
		{328AE02E-C12E-4720-BDB6-37891AAB4CE8}.Ad-Hoc|Any CPU.Build.0 = Release|Any CPU
		{328AE02E-C12E-4720-BDB6-37891AAB4CE8}.Ad-Hoc|Any CPU.Deploy.0 = Release|Any CPU
		{328AE02E-C12E-4720-BDB6-37891AAB4CE8}.Ad-Hoc|ARM.ActiveCfg = Release|Any CPU
		{328AE02E-C12E-4720-BDB6-37891AAB4CE8}.Ad-Hoc|iPhone.ActiveCfg = Release|Any CPU
		{328AE02E-C12E-4720-BDB6-37891AAB4CE8}.Ad-Hoc|iPhoneSimulator.ActiveCfg = Release|Any CPU
		{328AE02E-C12E-4720-BDB6-37891AAB4CE8}.Ad-Hoc|Mixed Platforms.ActiveCfg = Release|Any CPU
		{328AE02E-C12E-4720-BDB6-37891AAB4CE8}.Ad-Hoc|Mixed Platforms.Build.0 = Release|Any CPU
		{328AE02E-C12E-4720-BDB6-37891AAB4CE8}.Ad-Hoc|Mixed Platforms.Deploy.0 = Release|Any CPU
		{328AE02E-C12E-4720-BDB6-37891AAB4CE8}.Ad-Hoc|x64.ActiveCfg = Release|Any CPU
		{328AE02E-C12E-4720-BDB6-37891AAB4CE8}.Ad-Hoc|x86.ActiveCfg = Release|Any CPU
		{328AE02E-C12E-4720-BDB6-37891AAB4CE8}.AppStore|Any CPU.ActiveCfg = Release|Any CPU
		{328AE02E-C12E-4720-BDB6-37891AAB4CE8}.AppStore|Any CPU.Build.0 = Release|Any CPU
		{328AE02E-C12E-4720-BDB6-37891AAB4CE8}.AppStore|Any CPU.Deploy.0 = Release|Any CPU
		{328AE02E-C12E-4720-BDB6-37891AAB4CE8}.AppStore|ARM.ActiveCfg = Release|Any CPU
		{328AE02E-C12E-4720-BDB6-37891AAB4CE8}.AppStore|iPhone.ActiveCfg = Release|Any CPU
		{328AE02E-C12E-4720-BDB6-37891AAB4CE8}.AppStore|iPhoneSimulator.ActiveCfg = Release|Any CPU
		{328AE02E-C12E-4720-BDB6-37891AAB4CE8}.AppStore|Mixed Platforms.ActiveCfg = Release|Any CPU
		{328AE02E-C12E-4720-BDB6-37891AAB4CE8}.AppStore|Mixed Platforms.Build.0 = Release|Any CPU
		{328AE02E-C12E-4720-BDB6-37891AAB4CE8}.AppStore|Mixed Platforms.Deploy.0 = Release|Any CPU
		{328AE02E-C12E-4720-BDB6-37891AAB4CE8}.AppStore|x64.ActiveCfg = Release|Any CPU
		{328AE02E-C12E-4720-BDB6-37891AAB4CE8}.AppStore|x86.ActiveCfg = Release|Any CPU
		{328AE02E-C12E-4720-BDB6-37891AAB4CE8}.Debug|Any CPU.ActiveCfg = Debug|Any CPU
		{328AE02E-C12E-4720-BDB6-37891AAB4CE8}.Debug|Any CPU.Build.0 = Debug|Any CPU
		{328AE02E-C12E-4720-BDB6-37891AAB4CE8}.Debug|Any CPU.Deploy.0 = Debug|Any CPU
		{328AE02E-C12E-4720-BDB6-37891AAB4CE8}.Debug|ARM.ActiveCfg = Debug|Any CPU
		{328AE02E-C12E-4720-BDB6-37891AAB4CE8}.Debug|iPhone.ActiveCfg = Debug|Any CPU
		{328AE02E-C12E-4720-BDB6-37891AAB4CE8}.Debug|iPhoneSimulator.ActiveCfg = Debug|Any CPU
		{328AE02E-C12E-4720-BDB6-37891AAB4CE8}.Debug|Mixed Platforms.ActiveCfg = Debug|Any CPU
		{328AE02E-C12E-4720-BDB6-37891AAB4CE8}.Debug|Mixed Platforms.Build.0 = Debug|Any CPU
		{328AE02E-C12E-4720-BDB6-37891AAB4CE8}.Debug|Mixed Platforms.Deploy.0 = Debug|Any CPU
		{328AE02E-C12E-4720-BDB6-37891AAB4CE8}.Debug|x64.ActiveCfg = Debug|Any CPU
		{328AE02E-C12E-4720-BDB6-37891AAB4CE8}.Debug|x86.ActiveCfg = Debug|Any CPU
		{328AE02E-C12E-4720-BDB6-37891AAB4CE8}.Debug|x86.Build.0 = Debug|Any CPU
		{328AE02E-C12E-4720-BDB6-37891AAB4CE8}.Debug|x86.Deploy.0 = Debug|Any CPU
		{328AE02E-C12E-4720-BDB6-37891AAB4CE8}.Release|Any CPU.ActiveCfg = Release|Any CPU
		{328AE02E-C12E-4720-BDB6-37891AAB4CE8}.Release|Any CPU.Build.0 = Release|Any CPU
		{328AE02E-C12E-4720-BDB6-37891AAB4CE8}.Release|Any CPU.Deploy.0 = Release|Any CPU
		{328AE02E-C12E-4720-BDB6-37891AAB4CE8}.Release|ARM.ActiveCfg = Release|Any CPU
		{328AE02E-C12E-4720-BDB6-37891AAB4CE8}.Release|iPhone.ActiveCfg = Release|Any CPU
		{328AE02E-C12E-4720-BDB6-37891AAB4CE8}.Release|iPhoneSimulator.ActiveCfg = Release|Any CPU
		{328AE02E-C12E-4720-BDB6-37891AAB4CE8}.Release|Mixed Platforms.ActiveCfg = Release|Any CPU
		{328AE02E-C12E-4720-BDB6-37891AAB4CE8}.Release|Mixed Platforms.Build.0 = Release|Any CPU
		{328AE02E-C12E-4720-BDB6-37891AAB4CE8}.Release|Mixed Platforms.Deploy.0 = Release|Any CPU
		{328AE02E-C12E-4720-BDB6-37891AAB4CE8}.Release|x64.ActiveCfg = Release|Any CPU
		{328AE02E-C12E-4720-BDB6-37891AAB4CE8}.Release|x86.ActiveCfg = Release|Any CPU
		{5A3B79A2-507C-489B-9DEB-4710A75677F3}.Ad-Hoc|Any CPU.ActiveCfg = Release|Any CPU
		{5A3B79A2-507C-489B-9DEB-4710A75677F3}.Ad-Hoc|Any CPU.Build.0 = Release|Any CPU
		{5A3B79A2-507C-489B-9DEB-4710A75677F3}.Ad-Hoc|ARM.ActiveCfg = Release|Any CPU
		{5A3B79A2-507C-489B-9DEB-4710A75677F3}.Ad-Hoc|ARM.Build.0 = Release|Any CPU
		{5A3B79A2-507C-489B-9DEB-4710A75677F3}.Ad-Hoc|iPhone.ActiveCfg = Release|Any CPU
		{5A3B79A2-507C-489B-9DEB-4710A75677F3}.Ad-Hoc|iPhone.Build.0 = Release|Any CPU
		{5A3B79A2-507C-489B-9DEB-4710A75677F3}.Ad-Hoc|iPhoneSimulator.ActiveCfg = Release|Any CPU
		{5A3B79A2-507C-489B-9DEB-4710A75677F3}.Ad-Hoc|iPhoneSimulator.Build.0 = Release|Any CPU
		{5A3B79A2-507C-489B-9DEB-4710A75677F3}.Ad-Hoc|Mixed Platforms.ActiveCfg = Release|Any CPU
		{5A3B79A2-507C-489B-9DEB-4710A75677F3}.Ad-Hoc|Mixed Platforms.Build.0 = Release|Any CPU
		{5A3B79A2-507C-489B-9DEB-4710A75677F3}.Ad-Hoc|x64.ActiveCfg = Release|Any CPU
		{5A3B79A2-507C-489B-9DEB-4710A75677F3}.Ad-Hoc|x64.Build.0 = Release|Any CPU
		{5A3B79A2-507C-489B-9DEB-4710A75677F3}.Ad-Hoc|x86.ActiveCfg = Release|Any CPU
		{5A3B79A2-507C-489B-9DEB-4710A75677F3}.Ad-Hoc|x86.Build.0 = Release|Any CPU
		{5A3B79A2-507C-489B-9DEB-4710A75677F3}.AppStore|Any CPU.ActiveCfg = Release|Any CPU
		{5A3B79A2-507C-489B-9DEB-4710A75677F3}.AppStore|Any CPU.Build.0 = Release|Any CPU
		{5A3B79A2-507C-489B-9DEB-4710A75677F3}.AppStore|ARM.ActiveCfg = Release|Any CPU
		{5A3B79A2-507C-489B-9DEB-4710A75677F3}.AppStore|ARM.Build.0 = Release|Any CPU
		{5A3B79A2-507C-489B-9DEB-4710A75677F3}.AppStore|iPhone.ActiveCfg = Release|Any CPU
		{5A3B79A2-507C-489B-9DEB-4710A75677F3}.AppStore|iPhone.Build.0 = Release|Any CPU
		{5A3B79A2-507C-489B-9DEB-4710A75677F3}.AppStore|iPhoneSimulator.ActiveCfg = Release|Any CPU
		{5A3B79A2-507C-489B-9DEB-4710A75677F3}.AppStore|iPhoneSimulator.Build.0 = Release|Any CPU
		{5A3B79A2-507C-489B-9DEB-4710A75677F3}.AppStore|Mixed Platforms.ActiveCfg = Release|Any CPU
		{5A3B79A2-507C-489B-9DEB-4710A75677F3}.AppStore|Mixed Platforms.Build.0 = Release|Any CPU
		{5A3B79A2-507C-489B-9DEB-4710A75677F3}.AppStore|x64.ActiveCfg = Release|Any CPU
		{5A3B79A2-507C-489B-9DEB-4710A75677F3}.AppStore|x64.Build.0 = Release|Any CPU
		{5A3B79A2-507C-489B-9DEB-4710A75677F3}.AppStore|x86.ActiveCfg = Release|Any CPU
		{5A3B79A2-507C-489B-9DEB-4710A75677F3}.AppStore|x86.Build.0 = Release|Any CPU
		{5A3B79A2-507C-489B-9DEB-4710A75677F3}.Debug|Any CPU.ActiveCfg = Debug|Any CPU
		{5A3B79A2-507C-489B-9DEB-4710A75677F3}.Debug|Any CPU.Build.0 = Debug|Any CPU
		{5A3B79A2-507C-489B-9DEB-4710A75677F3}.Debug|ARM.ActiveCfg = Debug|Any CPU
		{5A3B79A2-507C-489B-9DEB-4710A75677F3}.Debug|ARM.Build.0 = Debug|Any CPU
		{5A3B79A2-507C-489B-9DEB-4710A75677F3}.Debug|iPhone.ActiveCfg = Debug|Any CPU
		{5A3B79A2-507C-489B-9DEB-4710A75677F3}.Debug|iPhone.Build.0 = Debug|Any CPU
		{5A3B79A2-507C-489B-9DEB-4710A75677F3}.Debug|iPhoneSimulator.ActiveCfg = Debug|Any CPU
		{5A3B79A2-507C-489B-9DEB-4710A75677F3}.Debug|iPhoneSimulator.Build.0 = Debug|Any CPU
		{5A3B79A2-507C-489B-9DEB-4710A75677F3}.Debug|Mixed Platforms.ActiveCfg = Debug|Any CPU
		{5A3B79A2-507C-489B-9DEB-4710A75677F3}.Debug|Mixed Platforms.Build.0 = Debug|Any CPU
		{5A3B79A2-507C-489B-9DEB-4710A75677F3}.Debug|x64.ActiveCfg = Debug|Any CPU
		{5A3B79A2-507C-489B-9DEB-4710A75677F3}.Debug|x64.Build.0 = Debug|Any CPU
		{5A3B79A2-507C-489B-9DEB-4710A75677F3}.Debug|x86.ActiveCfg = Debug|Any CPU
		{5A3B79A2-507C-489B-9DEB-4710A75677F3}.Debug|x86.Build.0 = Debug|Any CPU
		{5A3B79A2-507C-489B-9DEB-4710A75677F3}.Release|Any CPU.ActiveCfg = Release|Any CPU
		{5A3B79A2-507C-489B-9DEB-4710A75677F3}.Release|Any CPU.Build.0 = Release|Any CPU
		{5A3B79A2-507C-489B-9DEB-4710A75677F3}.Release|ARM.ActiveCfg = Release|Any CPU
		{5A3B79A2-507C-489B-9DEB-4710A75677F3}.Release|ARM.Build.0 = Release|Any CPU
		{5A3B79A2-507C-489B-9DEB-4710A75677F3}.Release|iPhone.ActiveCfg = Release|Any CPU
		{5A3B79A2-507C-489B-9DEB-4710A75677F3}.Release|iPhone.Build.0 = Release|Any CPU
		{5A3B79A2-507C-489B-9DEB-4710A75677F3}.Release|iPhoneSimulator.ActiveCfg = Release|Any CPU
		{5A3B79A2-507C-489B-9DEB-4710A75677F3}.Release|iPhoneSimulator.Build.0 = Release|Any CPU
		{5A3B79A2-507C-489B-9DEB-4710A75677F3}.Release|Mixed Platforms.ActiveCfg = Release|Any CPU
		{5A3B79A2-507C-489B-9DEB-4710A75677F3}.Release|Mixed Platforms.Build.0 = Release|Any CPU
		{5A3B79A2-507C-489B-9DEB-4710A75677F3}.Release|x64.ActiveCfg = Release|Any CPU
		{5A3B79A2-507C-489B-9DEB-4710A75677F3}.Release|x64.Build.0 = Release|Any CPU
		{5A3B79A2-507C-489B-9DEB-4710A75677F3}.Release|x86.ActiveCfg = Release|Any CPU
		{5A3B79A2-507C-489B-9DEB-4710A75677F3}.Release|x86.Build.0 = Release|Any CPU
	EndGlobalSection
	GlobalSection(MonoDevelopProperties) = preSolution
		Policies = $0
		$0.DotNetNamingPolicy = $1
		$1.DirectoryNamespaceAssociation = None
		$1.ResourceNamePolicy = FileFormatDefault
		$0.TextStylePolicy = $2
		$2.FileWidth = 120
		$2.TabsToSpaces = False
		$2.inheritsSet = null
		$2.inheritsScope = text/plain
		$2.scope = application/config+xml
		$0.TextStylePolicy = $3
		$3.inheritsSet = null
		$3.scope = application/config+xml
		$0.XmlFormattingPolicy = $4
		$4.inheritsSet = null
		$4.scope = application/config+xml
		$0.StandardHeader = $5
		$5.Text = 
		$5.IncludeInNewFiles = True
		$0.NameConventionPolicy = $6
		$6.Rules = $7
		$7.NamingRule = $8
		$8.Name = Type Parameters
		$8.AffectedEntity = TypeParameter
		$8.VisibilityMask = VisibilityMask
		$8.NamingStyle = PascalCase
		$8.IncludeInstanceMembers = True
		$8.IncludeStaticEntities = True
		$8.RequiredPrefixes = $30
		$30.String = T
		$8.RequiredSuffixes = $31
		$31.String = Exception
		$7.NamingRule = $9
		$9.Name = Types
		$9.AffectedEntity = Class, Struct, Enum, Delegate
		$9.VisibilityMask = Public
		$9.NamingStyle = PascalCase
		$9.IncludeInstanceMembers = True
		$9.IncludeStaticEntities = True
		$7.NamingRule = $10
		$10.Name = Interfaces
		$10.RequiredPrefixes = $11
		$11.String = I
		$10.AffectedEntity = Interface
		$10.VisibilityMask = Public
		$10.NamingStyle = PascalCase
		$10.IncludeInstanceMembers = True
		$10.IncludeStaticEntities = True
		$7.NamingRule = $12
		$12.Name = Attributes
		$12.RequiredSuffixes = $13
		$13.String = Attribute
		$12.AffectedEntity = CustomAttributes
		$12.VisibilityMask = Public
		$12.NamingStyle = PascalCase
		$12.IncludeInstanceMembers = True
		$12.IncludeStaticEntities = True
		$7.NamingRule = $14
		$14.Name = Event Arguments
		$14.RequiredSuffixes = $15
		$15.String = EventArgs
		$14.AffectedEntity = CustomEventArgs
		$14.VisibilityMask = Public
		$14.NamingStyle = PascalCase
		$14.IncludeInstanceMembers = True
		$14.IncludeStaticEntities = True
		$7.NamingRule = $16
		$16.Name = Exceptions
		$16.RequiredSuffixes = $17
		$17.String = Exception
		$16.AffectedEntity = CustomExceptions
		$16.VisibilityMask = VisibilityMask
		$16.NamingStyle = PascalCase
		$16.IncludeInstanceMembers = True
		$16.IncludeStaticEntities = True
		$7.NamingRule = $18
		$18.Name = Methods
		$18.AffectedEntity = Methods
		$18.VisibilityMask = Protected, Public
		$18.NamingStyle = PascalCase
		$18.IncludeInstanceMembers = True
		$18.IncludeStaticEntities = True
		$7.NamingRule = $19
		$19.Name = Static Readonly Fields
		$19.AffectedEntity = ReadonlyField
		$19.VisibilityMask = Protected, Public
		$19.NamingStyle = PascalCase
		$19.IncludeInstanceMembers = False
		$19.IncludeStaticEntities = True
		$7.NamingRule = $20
		$20.Name = Fields
		$20.AffectedEntity = Field
		$20.VisibilityMask = Protected, Public
		$20.NamingStyle = PascalCase
		$20.IncludeInstanceMembers = True
		$20.IncludeStaticEntities = True
		$7.NamingRule = $21
		$21.Name = ReadOnly Fields
		$21.AffectedEntity = ReadonlyField
		$21.VisibilityMask = Protected, Public
		$21.NamingStyle = PascalCase
		$21.IncludeInstanceMembers = True
		$21.IncludeStaticEntities = False
		$7.NamingRule = $22
		$22.Name = Constant Fields
		$22.AffectedEntity = ConstantField
		$22.VisibilityMask = Protected, Public
		$22.NamingStyle = PascalCase
		$22.IncludeInstanceMembers = True
		$22.IncludeStaticEntities = True
		$7.NamingRule = $23
		$23.Name = Properties
		$23.AffectedEntity = Property
		$23.VisibilityMask = Protected, Public
		$23.NamingStyle = PascalCase
		$23.IncludeInstanceMembers = True
		$23.IncludeStaticEntities = True
		$7.NamingRule = $24
		$24.Name = Events
		$24.AffectedEntity = Event
		$24.VisibilityMask = Protected, Public
		$24.NamingStyle = PascalCase
		$24.IncludeInstanceMembers = True
		$24.IncludeStaticEntities = True
		$7.NamingRule = $25
		$25.Name = Enum Members
		$25.AffectedEntity = EnumMember
		$25.VisibilityMask = VisibilityMask
		$25.NamingStyle = PascalCase
		$25.IncludeInstanceMembers = True
		$25.IncludeStaticEntities = True
		$7.NamingRule = $26
		$26.Name = Parameters
		$26.AffectedEntity = Parameter
		$26.VisibilityMask = VisibilityMask
		$26.NamingStyle = CamelCase
		$26.IncludeInstanceMembers = True
		$26.IncludeStaticEntities = True
		$7.NamingRule = $27
		$27.Name = Type Parameters
		$27.RequiredPrefixes = $28
		$28.String = T
		$27.AffectedEntity = TypeParameter
		$27.VisibilityMask = VisibilityMask
		$27.NamingStyle = PascalCase
		$27.IncludeInstanceMembers = True
		$27.IncludeStaticEntities = True
		$0.VersionControlPolicy = $29
		$29.inheritsSet = Mono
	EndGlobalSection
	GlobalSection(SolutionProperties) = preSolution
		HideSolutionNode = FALSE
	EndGlobalSection
EndGlobal
